
Microsoft Visual Studio Solution File, Format Version 12.00
# Visual Studio 15
VisualStudioVersion = 15.0.28307.572
MinimumVisualStudioVersion = 10.0.40219.1
Project("{FAE04EC0-301F-11D3-BF4B-00C04F79EFBC}") = "MyStoreWeb", "MyStoreWeb\MyStoreWeb.csproj", "{56A9E7B7-607B-47CA-ADF7-E4ECE753D773}"
EndProject
Global
	GlobalSection(SolutionConfigurationPlatforms) = preSolution
		Debug|Any CPU = Debug|Any CPU
		Release|Any CPU = Release|Any CPU
	EndGlobalSection
	GlobalSection(ProjectConfigurationPlatforms) = postSolution
		{56A9E7B7-607B-47CA-ADF7-E4ECE753D773}.Debug|Any CPU.ActiveCfg = Debug|Any CPU
		{56A9E7B7-607B-47CA-ADF7-E4ECE753D773}.Debug|Any CPU.Build.0 = Debug|Any CPU
		{56A9E7B7-607B-47CA-ADF7-E4ECE753D773}.Release|Any CPU.ActiveCfg = Release|Any CPU
		{56A9E7B7-607B-47CA-ADF7-E4ECE753D773}.Release|Any CPU.Build.0 = Release|Any CPU
	EndGlobalSection
	GlobalSection(SolutionProperties) = preSolution
		HideSolutionNode = FALSE
	EndGlobalSection
	GlobalSection(ExtensibilityGlobals) = postSolution
		SolutionGuid = {6CC74195-0BFF-4779-8BDD-034CEF0BE48B}
	EndGlobalSection
EndGlobal
